// !$*UTF8*$!
{
	archiveVersion = 1;
	classes = {
	};
	objectVersion = 46;
	objects = {

/* Begin PBXBuildFile section */
		84C10AE51B0D7FED004CC9F2 /* main.m in Sources */ = {isa = PBXBuildFile; fileRef = 84C10AE41B0D7FED004CC9F2 /* main.m */; };
		84C10AE81B0D7FED004CC9F2 /* AppDelegate.m in Sources */ = {isa = PBXBuildFile; fileRef = 84C10AE71B0D7FED004CC9F2 /* AppDelegate.m */; };
		84C10AEB1B0D7FED004CC9F2 /* ViewController.m in Sources */ = {isa = PBXBuildFile; fileRef = 84C10AEA1B0D7FED004CC9F2 /* ViewController.m */; };
		84C10AEE1B0D7FED004CC9F2 /* Main.storyboard in Resources */ = {isa = PBXBuildFile; fileRef = 84C10AEC1B0D7FED004CC9F2 /* Main.storyboard */; };
		84C10AF01B0D7FED004CC9F2 /* Images.xcassets in Resources */ = {isa = PBXBuildFile; fileRef = 84C10AEF1B0D7FED004CC9F2 /* Images.xcassets */; };
		84C10AF31B0D7FED004CC9F2 /* LaunchScreen.xib in Resources */ = {isa = PBXBuildFile; fileRef = 84C10AF11B0D7FED004CC9F2 /* LaunchScreen.xib */; };
		84C10AFF1B0D7FED004CC9F2 /* YouTubeAPPTests.m in Sources */ = {isa = PBXBuildFile; fileRef = 84C10AFE1B0D7FED004CC9F2 /* YouTubeAPPTests.m */; };
/* End PBXBuildFile section */

/* Begin PBXContainerItemProxy section */
		84C10AF91B0D7FED004CC9F2 /* PBXContainerItemProxy */ = {
			isa = PBXContainerItemProxy;
			containerPortal = 84C10AD71B0D7FED004CC9F2 /* Project object */;
			proxyType = 1;
			remoteGlobalIDString = 84C10ADE1B0D7FED004CC9F2;
			remoteInfo = YouTubeAPP;
		};
/* End PBXContainerItemProxy section */

/* Begin PBXFileReference section */
		84C10ADF1B0D7FED004CC9F2 /* YouTubeAPP.app */ = {isa = PBXFileReference; explicitFileType = wrapper.application; includeInIndex = 0; path = YouTubeAPP.app; sourceTree = BUILT_PRODUCTS_DIR; };
		84C10AE31B0D7FED004CC9F2 /* Info.plist */ = {isa = PBXFileReference; lastKnownFileType = text.plist.xml; path = Info.plist; sourceTree = "<group>"; };
		84C10AE41B0D7FED004CC9F2 /* main.m */ = {isa = PBXFileReference; lastKnownFileType = sourcecode.c.objc; path = main.m; sourceTree = "<group>"; };
		84C10AE61B0D7FED004CC9F2 /* AppDelegate.h */ = {isa = PBXFileReference; lastKnownFileType = sourcecode.c.h; path = AppDelegate.h; sourceTree = "<group>"; };
		84C10AE71B0D7FED004CC9F2 /* AppDelegate.m */ = {isa = PBXFileReference; lastKnownFileType = sourcecode.c.objc; path = AppDelegate.m; sourceTree = "<group>"; };
		84C10AE91B0D7FED004CC9F2 /* ViewController.h */ = {isa = PBXFileReference; lastKnownFileType = sourcecode.c.h; path = ViewController.h; sourceTree = "<group>"; };
		84C10AEA1B0D7FED004CC9F2 /* ViewController.m */ = {isa = PBXFileReference; lastKnownFileType = sourcecode.c.objc; path = ViewController.m; sourceTree = "<group>"; };
		84C10AED1B0D7FED004CC9F2 /* Base */ = {isa = PBXFileReference; lastKnownFileType = file.storyboard; name = Base; path = Base.lproj/Main.storyboard; sourceTree = "<group>"; };
		84C10AEF1B0D7FED004CC9F2 /* Images.xcassets */ = {isa = PBXFileReference; lastKnownFileType = folder.assetcatalog; path = Images.xcassets; sourceTree = "<group>"; };
		84C10AF21B0D7FED004CC9F2 /* Base */ = {isa = PBXFileReference; lastKnownFileType = file.xib; name = Base; path = Base.lproj/LaunchScreen.xib; sourceTree = "<group>"; };
		84C10AF81B0D7FED004CC9F2 /* YouTubeAPPTests.xctest */ = {isa = PBXFileReference; explicitFileType = wrapper.cfbundle; includeInIndex = 0; path = YouTubeAPPTests.xctest; sourceTree = BUILT_PRODUCTS_DIR; };
		84C10AFD1B0D7FED004CC9F2 /* Info.plist */ = {isa = PBXFileReference; lastKnownFileType = text.plist.xml; path = Info.plist; sourceTree = "<group>"; };
		84C10AFE1B0D7FED004CC9F2 /* YouTubeAPPTests.m */ = {isa = PBXFileReference; lastKnownFileType = sourcecode.c.objc; path = YouTubeAPPTests.m; sourceTree = "<group>"; };
/* End PBXFileReference section */

/* Begin PBXFrameworksBuildPhase section */
		84C10ADC1B0D7FED004CC9F2 /* Frameworks */ = {
			isa = PBXFrameworksBuildPhase;
			buildActionMask = 2147483647;
			files = (
			);
			runOnlyForDeploymentPostprocessing = 0;
		};
		84C10AF51B0D7FED004CC9F2 /* Frameworks */ = {
			isa = PBXFrameworksBuildPhase;
			buildActionMask = 2147483647;
			files = (
			);
			runOnlyForDeploymentPostprocessing = 0;
		};
/* End PBXFrameworksBuildPhase section */

/* Begin PBXGroup section */
		84C10AD61B0D7FED004CC9F2 = {
			isa = PBXGroup;
			children = (
				84C10AE11B0D7FED004CC9F2 /* YouTubeAPP */,
				84C10AFB1B0D7FED004CC9F2 /* YouTubeAPPTests */,
				84C10AE01B0D7FED004CC9F2 /* Products */,
			);
			sourceTree = "<group>";
		};
		84C10AE01B0D7FED004CC9F2 /* Products */ = {
			isa = PBXGroup;
			children = (
				84C10ADF1B0D7FED004CC9F2 /* YouTubeAPP.app */,
				84C10AF81B0D7FED004CC9F2 /* YouTubeAPPTests.xctest */,
			);
			name = Products;
			sourceTree = "<group>";
		};
		84C10AE11B0D7FED004CC9F2 /* YouTubeAPP */ = {
			isa = PBXGroup;
			children = (
				84C10AE61B0D7FED004CC9F2 /* AppDelegate.h */,
				84C10AE71B0D7FED004CC9F2 /* AppDelegate.m */,
				84C10AE91B0D7FED004CC9F2 /* ViewController.h */,
				84C10AEA1B0D7FED004CC9F2 /* ViewController.m */,
				84C10AEC1B0D7FED004CC9F2 /* Main.storyboard */,
				84C10AEF1B0D7FED004CC9F2 /* Images.xcassets */,
				84C10AF11B0D7FED004CC9F2 /* LaunchScreen.xib */,
				84C10AE21B0D7FED004CC9F2 /* Supporting Files */,
			);
			path = YouTubeAPP;
			sourceTree = "<group>";
		};
		84C10AE21B0D7FED004CC9F2 /* Supporting Files */ = {
			isa = PBXGroup;
			children = (
				84C10AE31B0D7FED004CC9F2 /* Info.plist */,
				84C10AE41B0D7FED004CC9F2 /* main.m */,
			);
			name = "Supporting Files";
			sourceTree = "<group>";
		};
		84C10AFB1B0D7FED004CC9F2 /* YouTubeAPPTests */ = {
			isa = PBXGroup;
			children = (
				84C10AFE1B0D7FED004CC9F2 /* YouTubeAPPTests.m */,
				84C10AFC1B0D7FED004CC9F2 /* Supporting Files */,
			);
			path = YouTubeAPPTests;
			sourceTree = "<group>";
		};
		84C10AFC1B0D7FED004CC9F2 /* Supporting Files */ = {
			isa = PBXGroup;
			children = (
				84C10AFD1B0D7FED004CC9F2 /* Info.plist */,
			);
			name = "Supporting Files";
			sourceTree = "<group>";
		};
/* End PBXGroup section */

/* Begin PBXNativeTarget section */
		84C10ADE1B0D7FED004CC9F2 /* YouTubeAPP */ = {
			isa = PBXNativeTarget;
			buildConfigurationList = 84C10B021B0D7FED004CC9F2 /* Build configuration list for PBXNativeTarget "YouTubeAPP" */;
			buildPhases = (
				84C10ADB1B0D7FED004CC9F2 /* Sources */,
				84C10ADC1B0D7FED004CC9F2 /* Frameworks */,
				84C10ADD1B0D7FED004CC9F2 /* Resources */,
			);
			buildRules = (
			);
			dependencies = (
			);
			name = YouTubeAPP;
			productName = YouTubeAPP;
			productReference = 84C10ADF1B0D7FED004CC9F2 /* YouTubeAPP.app */;
			productType = "com.apple.product-type.application";
		};
		84C10AF71B0D7FED004CC9F2 /* YouTubeAPPTests */ = {
			isa = PBXNativeTarget;
			buildConfigurationList = 84C10B051B0D7FED004CC9F2 /* Build configuration list for PBXNativeTarget "YouTubeAPPTests" */;
			buildPhases = (
				84C10AF41B0D7FED004CC9F2 /* Sources */,
				84C10AF51B0D7FED004CC9F2 /* Frameworks */,
				84C10AF61B0D7FED004CC9F2 /* Resources */,
			);
			buildRules = (
			);
			dependencies = (
				84C10AFA1B0D7FED004CC9F2 /* PBXTargetDependency */,
			);
			name = YouTubeAPPTests;
			productName = YouTubeAPPTests;
			productReference = 84C10AF81B0D7FED004CC9F2 /* YouTubeAPPTests.xctest */;
			productType = "com.apple.product-type.bundle.unit-test";
		};
/* End PBXNativeTarget section */

/* Begin PBXProject section */
		84C10AD71B0D7FED004CC9F2 /* Project object */ = {
			isa = PBXProject;
			attributes = {
				LastUpgradeCheck = 0630;
				ORGANIZATIONNAME = Admin;
				TargetAttributes = {
					84C10ADE1B0D7FED004CC9F2 = {
						CreatedOnToolsVersion = 6.3.1;
					};
					84C10AF71B0D7FED004CC9F2 = {
						CreatedOnToolsVersion = 6.3.1;
						TestTargetID = 84C10ADE1B0D7FED004CC9F2;
					};
				};
			};
			buildConfigurationList = 84C10ADA1B0D7FED004CC9F2 /* Build configuration list for PBXProject "YouTubeAPP" */;
			compatibilityVersion = "Xcode 3.2";
			developmentRegion = English;
			hasScannedForEncodings = 0;
			knownRegions = (
				en,
				Base,
			);
			mainGroup = 84C10AD61B0D7FED004CC9F2;
			productRefGroup = 84C10AE01B0D7FED004CC9F2 /* Products */;
			projectDirPath = "";
			projectRoot = "";
			targets = (
				84C10ADE1B0D7FED004CC9F2 /* YouTubeAPP */,
				84C10AF71B0D7FED004CC9F2 /* YouTubeAPPTests */,
			);
		};
/* End PBXProject section */

/* Begin PBXResourcesBuildPhase section */
		84C10ADD1B0D7FED004CC9F2 /* Resources */ = {
			isa = PBXResourcesBuildPhase;
			buildActionMask = 2147483647;
			files = (
				84C10AEE1B0D7FED004CC9F2 /* Main.storyboard in Resources */,
				84C10AF31B0D7FED004CC9F2 /* LaunchScreen.xib in Resources */,
				84C10AF01B0D7FED004CC9F2 /* Images.xcassets in Resources */,
			);
			runOnlyForDeploymentPostprocessing = 0;
		};
		84C10AF61B0D7FED004CC9F2 /* Resources */ = {
			isa = PBXResourcesBuildPhase;
			buildActionMask = 2147483647;
			files = (
			);
			runOnlyForDeploymentPostprocessing = 0;
		};
/* End PBXResourcesBuildPhase section */

/* Begin PBXSourcesBuildPhase section */
		84C10ADB1B0D7FED004CC9F2 /* Sources */ = {
			isa = PBXSourcesBuildPhase;
			buildActionMask = 2147483647;
			files = (
				84C10AEB1B0D7FED004CC9F2 /* ViewController.m in Sources */,
				84C10AE81B0D7FED004CC9F2 /* AppDelegate.m in Sources */,
				84C10AE51B0D7FED004CC9F2 /* main.m in Sources */,
			);
			runOnlyForDeploymentPostprocessing = 0;
		};
		84C10AF41B0D7FED004CC9F2 /* Sources */ = {
			isa = PBXSourcesBuildPhase;
			buildActionMask = 2147483647;
			files = (
				84C10AFF1B0D7FED004CC9F2 /* YouTubeAPPTests.m in Sources */,
			);
			runOnlyForDeploymentPostprocessing = 0;
		};
/* End PBXSourcesBuildPhase section */

/* Begin PBXTargetDependency section */
		84C10AFA1B0D7FED004CC9F2 /* PBXTargetDependency */ = {
			isa = PBXTargetDependency;
			target = 84C10ADE1B0D7FED004CC9F2 /* YouTubeAPP */;
			targetProxy = 84C10AF91B0D7FED004CC9F2 /* PBXContainerItemProxy */;
		};
/* End PBXTargetDependency section */

/* Begin PBXVariantGroup section */
		84C10AEC1B0D7FED004CC9F2 /* Main.storyboard */ = {
			isa = PBXVariantGroup;
			children = (
				84C10AED1B0D7FED004CC9F2 /* Base */,
			);
			name = Main.storyboard;
			sourceTree = "<group>";
		};
		84C10AF11B0D7FED004CC9F2 /* LaunchScreen.xib */ = {
			isa = PBXVariantGroup;
			children = (
				84C10AF21B0D7FED004CC9F2 /* Base */,
			);
			name = LaunchScreen.xib;
			sourceTree = "<group>";
		};
/* End PBXVariantGroup section */

/* Begin XCBuildConfiguration section */
		84C10B001B0D7FED004CC9F2 /* Debug */ = {
			isa = XCBuildConfiguration;
			buildSettings = {
				ALWAYS_SEARCH_USER_PATHS = NO;
				CLANG_CXX_LANGUAGE_STANDARD = "gnu++0x";
				CLANG_CXX_LIBRARY = "libc++";
				CLANG_ENABLE_MODULES = YES;
				CLANG_ENABLE_OBJC_ARC = YES;
				CLANG_WARN_BOOL_CONVERSION = YES;
				CLANG_WARN_CONSTANT_CONVERSION = YES;
				CLANG_WARN_DIRECT_OBJC_ISA_USAGE = YES_ERROR;
				CLANG_WARN_EMPTY_BODY = YES;
				CLANG_WARN_ENUM_CONVERSION = YES;
				CLANG_WARN_INT_CONVERSION = YES;
				CLANG_WARN_OBJC_ROOT_CLASS = YES_ERROR;
				CLANG_WARN_UNREACHABLE_CODE = YES;
				CLANG_WARN__DUPLICATE_METHOD_MATCH = YES;
				"CODE_SIGN_IDENTITY[sdk=iphoneos*]" = "iPhone Developer";
				COPY_PHASE_STRIP = NO;
				DEBUG_INFORMATION_FORMAT = "dwarf-with-dsym";
				ENABLE_STRICT_OBJC_MSGSEND = YES;
				GCC_C_LANGUAGE_STANDARD = gnu99;
				GCC_DYNAMIC_NO_PIC = NO;
				GCC_NO_COMMON_BLOCKS = YES;
				GCC_OPTIMIZATION_LEVEL = 0;
				GCC_PREPROCESSOR_DEFINITIONS = (
					"DEBUG=1",
					"$(inherited)",
				);
				GCC_SYMBOLS_PRIVATE_EXTERN = NO;
				GCC_WARN_64_TO_32_BIT_CONVERSION = YES;
				GCC_WARN_ABOUT_RETURN_TYPE = YES_ERROR;
				GCC_WARN_UNDECLARED_SELECTOR = YES;
				GCC_WARN_UNINITIALIZED_AUTOS = YES_AGGRESSIVE;
				GCC_WARN_UNUSED_FUNCTION = YES;
				GCC_WARN_UNUSED_VARIABLE = YES;
				IPHONEOS_DEPLOYMENT_TARGET = 8.3;
				MTL_ENABLE_DEBUG_INFO = YES;
				ONLY_ACTIVE_ARCH = YES;
				SDKROOT = iphoneos;
				TARGETED_DEVICE_FAMILY = "1,2";
			};
			name = Debug;
		};
		84C10B011B0D7FED004CC9F2 /* Release */ = {
			isa = XCBuildConfiguration;
			buildSettings = {
				ALWAYS_SEARCH_USER_PATHS = NO;
				CLANG_CXX_LANGUAGE_STANDARD = "gnu++0x";
				CLANG_CXX_LIBRARY = "libc++";
				CLANG_ENABLE_MODULES = YES;
				CLANG_ENABLE_OBJC_ARC = YES;
				CLANG_WARN_BOOL_CONVERSION = YES;
				CLANG_WARN_CONSTANT_CONVERSION = YES;
				CLANG_WARN_DIRECT_OBJC_ISA_USAGE = YES_ERROR;
				CLANG_WARN_EMPTY_BODY = YES;
				CLANG_WARN_ENUM_CONVERSION = YES;
				CLANG_WARN_INT_CONVERSION = YES;
				CLANG_WARN_OBJC_ROOT_CLASS = YES_ERROR;
				CLANG_WARN_UNREACHABLE_CODE = YES;
				CLANG_WARN__DUPLICATE_METHOD_MATCH = YES;
				"CODE_SIGN_IDENTITY[sdk=iphoneos*]" = "iPhone Developer";
				COPY_PHASE_STRIP = NO;
				DEBUG_INFORMATION_FORMAT = "dwarf-with-dsym";
				ENABLE_NS_ASSERTIONS = NO;
				ENABLE_STRICT_OBJC_MSGSEND = YES;
				GCC_C_LANGUAGE_STANDARD = gnu99;
				GCC_NO_COMMON_BLOCKS = YES;
				GCC_WARN_64_TO_32_BIT_CONVERSION = YES;
				GCC_WARN_ABOUT_RETURN_TYPE = YES_ERROR;
				GCC_WARN_UNDECLARED_SELECTOR = YES;
				GCC_WARN_UNINITIALIZED_AUTOS = YES_AGGRESSIVE;
				GCC_WARN_UNUSED_FUNCTION = YES;
				GCC_WARN_UNUSED_VARIABLE = YES;
				IPHONEOS_DEPLOYMENT_TARGET = 8.3;
				MTL_ENABLE_DEBUG_INFO = NO;
				SDKROOT = iphoneos;
				TARGETED_DEVICE_FAMILY = "1,2";
				VALIDATE_PRODUCT = YES;
			};
			name = Release;
		};
		84C10B031B0D7FED004CC9F2 /* Debug */ = {
			isa = XCBuildConfiguration;
			buildSettings = {
				ASSETCATALOG_COMPILER_APPICON_NAME = AppIcon;
				INFOPLIST_FILE = YouTubeAPP/Info.plist;
				LD_RUNPATH_SEARCH_PATHS = "$(inherited) @executable_path/Frameworks";
				PRODUCT_NAME = "$(TARGET_NAME)";
			};
			name = Debug;
		};
		84C10B041B0D7FED004CC9F2 /* Release */ = {
			isa = XCBuildConfiguration;
			buildSettings = {
				ASSETCATALOG_COMPILER_APPICON_NAME = AppIcon;
				INFOPLIST_FILE = YouTubeAPP/Info.plist;
				LD_RUNPATH_SEARCH_PATHS = "$(inherited) @executable_path/Frameworks";
				PRODUCT_NAME = "$(TARGET_NAME)";
			};
			name = Release;
		};
		84C10B061B0D7FED004CC9F2 /* Debug */ = {
			isa = XCBuildConfiguration;
			buildSettings = {
				BUNDLE_LOADER = "$(TEST_HOST)";
				FRAMEWORK_SEARCH_PATHS = (
					"$(SDKROOT)/Developer/Library/Frameworks",
					"$(inherited)",
				);
				GCC_PREPROCESSOR_DEFINITIONS = (
					"DEBUG=1",
					"$(inherited)",
				);
				INFOPLIST_FILE = YouTubeAPPTests/Info.plist;
				LD_RUNPATH_SEARCH_PATHS = "$(inherited) @executable_path/Frameworks @loader_path/Frameworks";
				PRODUCT_NAME = "$(TARGET_NAME)";
				TEST_HOST = "$(BUILT_PRODUCTS_DIR)/YouTubeAPP.app/YouTubeAPP";
			};
			name = Debug;
		};
		84C10B071B0D7FED004CC9F2 /* Release */ = {
			isa = XCBuildConfiguration;
			buildSettings = {
				BUNDLE_LOADER = "$(TEST_HOST)";
				FRAMEWORK_SEARCH_PATHS = (
					"$(SDKROOT)/Developer/Library/Frameworks",
					"$(inherited)",
				);
				INFOPLIST_FILE = YouTubeAPPTests/Info.plist;
				LD_RUNPATH_SEARCH_PATHS = "$(inherited) @executable_path/Frameworks @loader_path/Frameworks";
				PRODUCT_NAME = "$(TARGET_NAME)";
				TEST_HOST = "$(BUILT_PRODUCTS_DIR)/YouTubeAPP.app/YouTubeAPP";
			};
			name = Release;
		};
/* End XCBuildConfiguration section */

/* Begin XCConfigurationList section */
		84C10ADA1B0D7FED004CC9F2 /* Build configuration list for PBXProject "YouTubeAPP" */ = {
			isa = XCConfigurationList;
			buildConfigurations = (
				84C10B001B0D7FED004CC9F2 /* Debug */,
				84C10B011B0D7FED004CC9F2 /* Release */,
			);
			defaultConfigurationIsVisible = 0;
			defaultConfigurationName = Release;
		};
		84C10B021B0D7FED004CC9F2 /* Build configuration list for PBXNativeTarget "YouTubeAPP" */ = {
			isa = XCConfigurationList;
			buildConfigurations = (
				84C10B031B0D7FED004CC9F2 /* Debug */,
				84C10B041B0D7FED004CC9F2 /* Release */,
			);
			defaultConfigurationIsVisible = 0;
		};
		84C10B051B0D7FED004CC9F2 /* Build configuration list for PBXNativeTarget "YouTubeAPPTests" */ = {
			isa = XCConfigurationList;
			buildConfigurations = (
				84C10B061B0D7FED004CC9F2 /* Debug */,
				84C10B071B0D7FED004CC9F2 /* Release */,
			);
			defaultConfigurationIsVisible = 0;
		};
/* End XCConfigurationList section */
	};
	rootObject = 84C10AD71B0D7FED004CC9F2 /* Project object */;
}
